
Microsoft Visual Studio Solution File, Format Version 12.00
# Visual Studio 15
VisualStudioVersion = 15.0.28010.2048
MinimumVisualStudioVersion = 10.0.40219.1
Project("{FAE04EC0-301F-11D3-BF4B-00C04F79EFBC}") = "quotedPrice", "quotedPrice\quotedPrice.csproj", "{F9698030-2D41-4869-B347-0CE7F1B43EFD}"
EndProject
Global
	GlobalSection(SolutionConfigurationPlatforms) = preSolution
		Debug|Any CPU = Debug|Any CPU
		Debug|x86 = Debug|x86
		Release|Any CPU = Release|Any CPU
		Release|x86 = Release|x86
	EndGlobalSection
	GlobalSection(ProjectConfigurationPlatforms) = postSolution
		{F9698030-2D41-4869-B347-0CE7F1B43EFD}.Debug|Any CPU.ActiveCfg = Debug|Any CPU
		{F9698030-2D41-4869-B347-0CE7F1B43EFD}.Debug|Any CPU.Build.0 = Debug|Any CPU
		{F9698030-2D41-4869-B347-0CE7F1B43EFD}.Debug|x86.ActiveCfg = Debug|x86
		{F9698030-2D41-4869-B347-0CE7F1B43EFD}.Debug|x86.Build.0 = Debug|x86
		{F9698030-2D41-4869-B347-0CE7F1B43EFD}.Release|Any CPU.ActiveCfg = Release|Any CPU
		{F9698030-2D41-4869-B347-0CE7F1B43EFD}.Release|Any CPU.Build.0 = Release|Any CPU
		{F9698030-2D41-4869-B347-0CE7F1B43EFD}.Release|x86.ActiveCfg = Release|x86
		{F9698030-2D41-4869-B347-0CE7F1B43EFD}.Release|x86.Build.0 = Release|x86
	EndGlobalSection
	GlobalSection(SolutionProperties) = preSolution
		HideSolutionNode = FALSE
	EndGlobalSection
	GlobalSection(ExtensibilityGlobals) = postSolution
		SolutionGuid = {E00E3722-A81D-4CD9-B076-B71F8102CC75}
	EndGlobalSection
EndGlobal
